// !$*UTF8*$!
{
	archiveVersion = 1;
	classes = {
	};
	objectVersion = 46;
	objects = {

/* Begin PBXBuildFile section */
		813204CD1907A28C008A1CFC /* RNGridMenu.m in Sources */ = {isa = PBXBuildFile; fileRef = 813204CC1907A28C008A1CFC /* RNGridMenu.m */; };
		813204D71907A299008A1CFC /* arrow.png in Resources */ = {isa = PBXBuildFile; fileRef = 813204CE1907A299008A1CFC /* arrow.png */; };
		813204D81907A299008A1CFC /* attachment.png in Resources */ = {isa = PBXBuildFile; fileRef = 813204CF1907A299008A1CFC /* attachment.png */; };
		813204D91907A299008A1CFC /* block.png in Resources */ = {isa = PBXBuildFile; fileRef = 813204D01907A299008A1CFC /* block.png */; };
		813204DA1907A299008A1CFC /* bluetooth.png in Resources */ = {isa = PBXBuildFile; fileRef = 813204D11907A299008A1CFC /* bluetooth.png */; };
		813204DB1907A299008A1CFC /* cube.png in Resources */ = {isa = PBXBuildFile; fileRef = 813204D21907A299008A1CFC /* cube.png */; };
		813204DC1907A299008A1CFC /* download.png in Resources */ = {isa = PBXBuildFile; fileRef = 813204D31907A299008A1CFC /* download.png */; };
		813204DD1907A299008A1CFC /* enter.png in Resources */ = {isa = PBXBuildFile; fileRef = 813204D41907A299008A1CFC /* enter.png */; };
		813204DE1907A299008A1CFC /* file.png in Resources */ = {isa = PBXBuildFile; fileRef = 813204D51907A299008A1CFC /* file.png */; };
		813204DF1907A299008A1CFC /* github.png in Resources */ = {isa = PBXBuildFile; fileRef = 813204D61907A299008A1CFC /* github.png */; };
		8189E4161901089100E4DF28 /* Foundation.framework in Frameworks */ = {isa = PBXBuildFile; fileRef = 8189E4151901089100E4DF28 /* Foundation.framework */; };
		8189E4181901089100E4DF28 /* CoreGraphics.framework in Frameworks */ = {isa = PBXBuildFile; fileRef = 8189E4171901089100E4DF28 /* CoreGraphics.framework */; };
		8189E41A1901089100E4DF28 /* UIKit.framework in Frameworks */ = {isa = PBXBuildFile; fileRef = 8189E4191901089100E4DF28 /* UIKit.framework */; };
		8189E4201901089100E4DF28 /* InfoPlist.strings in Resources */ = {isa = PBXBuildFile; fileRef = 8189E41E1901089100E4DF28 /* InfoPlist.strings */; };
		8189E4221901089100E4DF28 /* main.m in Sources */ = {isa = PBXBuildFile; fileRef = 8189E4211901089100E4DF28 /* main.m */; };
		8189E4261901089100E4DF28 /* AppDelegate.m in Sources */ = {isa = PBXBuildFile; fileRef = 8189E4251901089100E4DF28 /* AppDelegate.m */; };
		8189E4291901089100E4DF28 /* Main_iPhone.storyboard in Resources */ = {isa = PBXBuildFile; fileRef = 8189E4271901089100E4DF28 /* Main_iPhone.storyboard */; };
		8189E42C1901089100E4DF28 /* Main_iPad.storyboard in Resources */ = {isa = PBXBuildFile; fileRef = 8189E42A1901089100E4DF28 /* Main_iPad.storyboard */; };
		8189E42F1901089100E4DF28 /* ViewController.m in Sources */ = {isa = PBXBuildFile; fileRef = 8189E42E1901089100E4DF28 /* ViewController.m */; };
		8189E4311901089100E4DF28 /* Images.xcassets in Resources */ = {isa = PBXBuildFile; fileRef = 8189E4301901089100E4DF28 /* Images.xcassets */; };
		8189E4381901089100E4DF28 /* XCTest.framework in Frameworks */ = {isa = PBXBuildFile; fileRef = 8189E4371901089100E4DF28 /* XCTest.framework */; };
		8189E4391901089200E4DF28 /* Foundation.framework in Frameworks */ = {isa = PBXBuildFile; fileRef = 8189E4151901089100E4DF28 /* Foundation.framework */; };
		8189E43A1901089200E4DF28 /* UIKit.framework in Frameworks */ = {isa = PBXBuildFile; fileRef = 8189E4191901089100E4DF28 /* UIKit.framework */; };
		8189E4421901089200E4DF28 /* InfoPlist.strings in Resources */ = {isa = PBXBuildFile; fileRef = 8189E4401901089200E4DF28 /* InfoPlist.strings */; };
		8189E4441901089200E4DF28 /* SQLiteSampleTests.m in Sources */ = {isa = PBXBuildFile; fileRef = 8189E4431901089200E4DF28 /* SQLiteSampleTests.m */; };
		8189E44F190108AB00E4DF28 /* SQLiteManager.m in Sources */ = {isa = PBXBuildFile; fileRef = 8189E44E190108AB00E4DF28 /* SQLiteManager.m */; };
		8189E451190108D800E4DF28 /* libsqlite3.dylib in Frameworks */ = {isa = PBXBuildFile; fileRef = 8189E450190108D800E4DF28 /* libsqlite3.dylib */; };
		F9B6F09B1907EFA0001318E5 /* camera.png in Resources */ = {isa = PBXBuildFile; fileRef = F9B6F09A1907EFA0001318E5 /* camera.png */; };
		F9B6F09D1907EFAB001318E5 /* calendar.png in Resources */ = {isa = PBXBuildFile; fileRef = F9B6F09C1907EFAB001318E5 /* calendar.png */; };
		F9B6F09F1907F1A8001318E5 /* cloud.png in Resources */ = {isa = PBXBuildFile; fileRef = F9B6F09E1907F1A8001318E5 /* cloud.png */; };
		F9B6F0A11907F1B6001318E5 /* bubble.png in Resources */ = {isa = PBXBuildFile; fileRef = F9B6F0A01907F1B6001318E5 /* bubble.png */; };
		F9B6F0A31907F259001318E5 /* tag.png in Resources */ = {isa = PBXBuildFile; fileRef = F9B6F0A21907F259001318E5 /* tag.png */; };
		F9B6F0A51907F26D001318E5 /* trash.png in Resources */ = {isa = PBXBuildFile; fileRef = F9B6F0A41907F26D001318E5 /* trash.png */; };
		F9B6F0B31907F2AB001318E5 /* clip.png in Resources */ = {isa = PBXBuildFile; fileRef = F9B6F0A61907F2AB001318E5 /* clip.png */; };
		F9B6F0B41907F2AB001318E5 /* diamond.png in Resources */ = {isa = PBXBuildFile; fileRef = F9B6F0A71907F2AB001318E5 /* diamond.png */; };
		F9B6F0B51907F2AB001318E5 /* eye.png in Resources */ = {isa = PBXBuildFile; fileRef = F9B6F0A81907F2AB001318E5 /* eye.png */; };
		F9B6F0B61907F2AB001318E5 /* heart.png in Resources */ = {isa = PBXBuildFile; fileRef = F9B6F0A91907F2AB001318E5 /* heart.png */; };
		F9B6F0B71907F2AB001318E5 /* news.png in Resources */ = {isa = PBXBuildFile; fileRef = F9B6F0AA1907F2AB001318E5 /* news.png */; };
		F9B6F0B81907F2AB001318E5 /* note.png in Resources */ = {isa = PBXBuildFile; fileRef = F9B6F0AB1907F2AB001318E5 /* note.png */; };
		F9B6F0B91907F2AB001318E5 /* paperplane.png in Resources */ = {isa = PBXBuildFile; fileRef = F9B6F0AC1907F2AB001318E5 /* paperplane.png */; };
		F9B6F0BA1907F2AB001318E5 /* params.png in Resources */ = {isa = PBXBuildFile; fileRef = F9B6F0AD1907F2AB001318E5 /* params.png */; };
		F9B6F0BB1907F2AB001318E5 /* photo.png in Resources */ = {isa = PBXBuildFile; fileRef = F9B6F0AE1907F2AB001318E5 /* photo.png */; };
		F9B6F0BC1907F2AB001318E5 /* settings.png in Resources */ = {isa = PBXBuildFile; fileRef = F9B6F0AF1907F2AB001318E5 /* settings.png */; };
		F9B6F0BD1907F2AB001318E5 /* stack.png in Resources */ = {isa = PBXBuildFile; fileRef = F9B6F0B01907F2AB001318E5 /* stack.png */; };
		F9B6F0BE1907F2AB001318E5 /* star.png in Resources */ = {isa = PBXBuildFile; fileRef = F9B6F0B11907F2AB001318E5 /* star.png */; };
		F9B6F0BF1907F2AB001318E5 /* t-shirt.png in Resources */ = {isa = PBXBuildFile; fileRef = F9B6F0B21907F2AB001318E5 /* t-shirt.png */; };
		F9B6F0C11907F720001318E5 /* search.png in Resources */ = {isa = PBXBuildFile; fileRef = F9B6F0C01907F720001318E5 /* search.png */; };
		F9BF1834190522A20012341B /* GroupTableViewController.m in Sources */ = {isa = PBXBuildFile; fileRef = F9BF1833190522A20012341B /* GroupTableViewController.m */; };
		F9BF183719052FF30012341B /* GroupTableViewCell.m in Sources */ = {isa = PBXBuildFile; fileRef = F9BF183619052FF30012341B /* GroupTableViewCell.m */; };
		F9FE9FA519015D7200FC7EEB /* AssetManager.m in Sources */ = {isa = PBXBuildFile; fileRef = F9FE9FA219015D7200FC7EEB /* AssetManager.m */; };
		F9FE9FA619015D7200FC7EEB /* AssetGroupData.m in Sources */ = {isa = PBXBuildFile; fileRef = F9FE9FA419015D7200FC7EEB /* AssetGroupData.m */; };
		F9FE9FA919015F4800FC7EEB /* RootViewController.m in Sources */ = {isa = PBXBuildFile; fileRef = F9FE9FA819015F4800FC7EEB /* RootViewController.m */; };
		F9FE9FAC19022DB800FC7EEB /* RootTableViewCell.m in Sources */ = {isa = PBXBuildFile; fileRef = F9FE9FAB19022DB800FC7EEB /* RootTableViewCell.m */; };
/* End PBXBuildFile section */

/* Begin PBXContainerItemProxy section */
		8189E43B1901089200E4DF28 /* PBXContainerItemProxy */ = {
			isa = PBXContainerItemProxy;
			containerPortal = 8189E40A1901089100E4DF28 /* Project object */;
			proxyType = 1;
			remoteGlobalIDString = 8189E4111901089100E4DF28;
			remoteInfo = SQLiteSample;
		};
/* End PBXContainerItemProxy section */

/* Begin PBXFileReference section */
		813204CB1907A28C008A1CFC /* RNGridMenu.h */ = {isa = PBXFileReference; fileEncoding = 4; lastKnownFileType = sourcecode.c.h; path = RNGridMenu.h; sourceTree = "<group>"; };
		813204CC1907A28C008A1CFC /* RNGridMenu.m */ = {isa = PBXFileReference; fileEncoding = 4; lastKnownFileType = sourcecode.c.objc; path = RNGridMenu.m; sourceTree = "<group>"; };
		813204CE1907A299008A1CFC /* arrow.png */ = {isa = PBXFileReference; lastKnownFileType = image.png; path = arrow.png; sourceTree = "<group>"; };
		813204CF1907A299008A1CFC /* attachment.png */ = {isa = PBXFileReference; lastKnownFileType = image.png; path = attachment.png; sourceTree = "<group>"; };
		813204D01907A299008A1CFC /* block.png */ = {isa = PBXFileReference; lastKnownFileType = image.png; path = block.png; sourceTree = "<group>"; };
		813204D11907A299008A1CFC /* bluetooth.png */ = {isa = PBXFileReference; lastKnownFileType = image.png; path = bluetooth.png; sourceTree = "<group>"; };
		813204D21907A299008A1CFC /* cube.png */ = {isa = PBXFileReference; lastKnownFileType = image.png; path = cube.png; sourceTree = "<group>"; };
		813204D31907A299008A1CFC /* download.png */ = {isa = PBXFileReference; lastKnownFileType = image.png; path = download.png; sourceTree = "<group>"; };
		813204D41907A299008A1CFC /* enter.png */ = {isa = PBXFileReference; lastKnownFileType = image.png; path = enter.png; sourceTree = "<group>"; };
		813204D51907A299008A1CFC /* file.png */ = {isa = PBXFileReference; lastKnownFileType = image.png; path = file.png; sourceTree = "<group>"; };
		813204D61907A299008A1CFC /* github.png */ = {isa = PBXFileReference; lastKnownFileType = image.png; path = github.png; sourceTree = "<group>"; };
		8189E4121901089100E4DF28 /* SQLiteSample.app */ = {isa = PBXFileReference; explicitFileType = wrapper.application; includeInIndex = 0; path = SQLiteSample.app; sourceTree = BUILT_PRODUCTS_DIR; };
		8189E4151901089100E4DF28 /* Foundation.framework */ = {isa = PBXFileReference; lastKnownFileType = wrapper.framework; name = Foundation.framework; path = System/Library/Frameworks/Foundation.framework; sourceTree = SDKROOT; };
		8189E4171901089100E4DF28 /* CoreGraphics.framework */ = {isa = PBXFileReference; lastKnownFileType = wrapper.framework; name = CoreGraphics.framework; path = System/Library/Frameworks/CoreGraphics.framework; sourceTree = SDKROOT; };
		8189E4191901089100E4DF28 /* UIKit.framework */ = {isa = PBXFileReference; lastKnownFileType = wrapper.framework; name = UIKit.framework; path = System/Library/Frameworks/UIKit.framework; sourceTree = SDKROOT; };
		8189E41D1901089100E4DF28 /* SQLiteSample-Info.plist */ = {isa = PBXFileReference; lastKnownFileType = text.plist.xml; path = "SQLiteSample-Info.plist"; sourceTree = "<group>"; };
		8189E41F1901089100E4DF28 /* en */ = {isa = PBXFileReference; lastKnownFileType = text.plist.strings; name = en; path = en.lproj/InfoPlist.strings; sourceTree = "<group>"; };
		8189E4211901089100E4DF28 /* main.m */ = {isa = PBXFileReference; lastKnownFileType = sourcecode.c.objc; path = main.m; sourceTree = "<group>"; };
		8189E4231901089100E4DF28 /* SQLiteSample-Prefix.pch */ = {isa = PBXFileReference; lastKnownFileType = sourcecode.c.h; path = "SQLiteSample-Prefix.pch"; sourceTree = "<group>"; };
		8189E4241901089100E4DF28 /* AppDelegate.h */ = {isa = PBXFileReference; lastKnownFileType = sourcecode.c.h; path = AppDelegate.h; sourceTree = "<group>"; };
		8189E4251901089100E4DF28 /* AppDelegate.m */ = {isa = PBXFileReference; lastKnownFileType = sourcecode.c.objc; path = AppDelegate.m; sourceTree = "<group>"; };
		8189E4281901089100E4DF28 /* Base */ = {isa = PBXFileReference; lastKnownFileType = file.storyboard; name = Base; path = Base.lproj/Main_iPhone.storyboard; sourceTree = "<group>"; };
		8189E42B1901089100E4DF28 /* Base */ = {isa = PBXFileReference; lastKnownFileType = file.storyboard; name = Base; path = Base.lproj/Main_iPad.storyboard; sourceTree = "<group>"; };
		8189E42D1901089100E4DF28 /* ViewController.h */ = {isa = PBXFileReference; lastKnownFileType = sourcecode.c.h; path = ViewController.h; sourceTree = "<group>"; };
		8189E42E1901089100E4DF28 /* ViewController.m */ = {isa = PBXFileReference; lastKnownFileType = sourcecode.c.objc; path = ViewController.m; sourceTree = "<group>"; };
		8189E4301901089100E4DF28 /* Images.xcassets */ = {isa = PBXFileReference; lastKnownFileType = folder.assetcatalog; path = Images.xcassets; sourceTree = "<group>"; };
		8189E4361901089100E4DF28 /* SQLiteSampleTests.xctest */ = {isa = PBXFileReference; explicitFileType = wrapper.cfbundle; includeInIndex = 0; path = SQLiteSampleTests.xctest; sourceTree = BUILT_PRODUCTS_DIR; };
		8189E4371901089100E4DF28 /* XCTest.framework */ = {isa = PBXFileReference; lastKnownFileType = wrapper.framework; name = XCTest.framework; path = Library/Frameworks/XCTest.framework; sourceTree = DEVELOPER_DIR; };
		8189E43F1901089200E4DF28 /* SQLiteSampleTests-Info.plist */ = {isa = PBXFileReference; lastKnownFileType = text.plist.xml; path = "SQLiteSampleTests-Info.plist"; sourceTree = "<group>"; };
		8189E4411901089200E4DF28 /* en */ = {isa = PBXFileReference; lastKnownFileType = text.plist.strings; name = en; path = en.lproj/InfoPlist.strings; sourceTree = "<group>"; };
		8189E4431901089200E4DF28 /* SQLiteSampleTests.m */ = {isa = PBXFileReference; lastKnownFileType = sourcecode.c.objc; path = SQLiteSampleTests.m; sourceTree = "<group>"; };
		8189E44D190108AB00E4DF28 /* SQLiteManager.h */ = {isa = PBXFileReference; fileEncoding = 4; lastKnownFileType = sourcecode.c.h; path = SQLiteManager.h; sourceTree = "<group>"; };
		8189E44E190108AB00E4DF28 /* SQLiteManager.m */ = {isa = PBXFileReference; fileEncoding = 4; lastKnownFileType = sourcecode.c.objc; path = SQLiteManager.m; sourceTree = "<group>"; };
		8189E450190108D800E4DF28 /* libsqlite3.dylib */ = {isa = PBXFileReference; lastKnownFileType = "compiled.mach-o.dylib"; name = libsqlite3.dylib; path = usr/lib/libsqlite3.dylib; sourceTree = SDKROOT; };
		F9B6F09A1907EFA0001318E5 /* camera.png */ = {isa = PBXFileReference; lastKnownFileType = image.png; path = camera.png; sourceTree = "<group>"; };
		F9B6F09C1907EFAB001318E5 /* calendar.png */ = {isa = PBXFileReference; lastKnownFileType = image.png; path = calendar.png; sourceTree = "<group>"; };
		F9B6F09E1907F1A8001318E5 /* cloud.png */ = {isa = PBXFileReference; lastKnownFileType = image.png; path = cloud.png; sourceTree = "<group>"; };
		F9B6F0A01907F1B6001318E5 /* bubble.png */ = {isa = PBXFileReference; lastKnownFileType = image.png; path = bubble.png; sourceTree = "<group>"; };
		F9B6F0A21907F259001318E5 /* tag.png */ = {isa = PBXFileReference; lastKnownFileType = image.png; path = tag.png; sourceTree = "<group>"; };
		F9B6F0A41907F26D001318E5 /* trash.png */ = {isa = PBXFileReference; lastKnownFileType = image.png; path = trash.png; sourceTree = "<group>"; };
		F9B6F0A61907F2AB001318E5 /* clip.png */ = {isa = PBXFileReference; lastKnownFileType = image.png; path = clip.png; sourceTree = "<group>"; };
		F9B6F0A71907F2AB001318E5 /* diamond.png */ = {isa = PBXFileReference; lastKnownFileType = image.png; path = diamond.png; sourceTree = "<group>"; };
		F9B6F0A81907F2AB001318E5 /* eye.png */ = {isa = PBXFileReference; lastKnownFileType = image.png; path = eye.png; sourceTree = "<group>"; };
		F9B6F0A91907F2AB001318E5 /* heart.png */ = {isa = PBXFileReference; lastKnownFileType = image.png; path = heart.png; sourceTree = "<group>"; };
		F9B6F0AA1907F2AB001318E5 /* news.png */ = {isa = PBXFileReference; lastKnownFileType = image.png; path = news.png; sourceTree = "<group>"; };
		F9B6F0AB1907F2AB001318E5 /* note.png */ = {isa = PBXFileReference; lastKnownFileType = image.png; path = note.png; sourceTree = "<group>"; };
		F9B6F0AC1907F2AB001318E5 /* paperplane.png */ = {isa = PBXFileReference; lastKnownFileType = image.png; path = paperplane.png; sourceTree = "<group>"; };
		F9B6F0AD1907F2AB001318E5 /* params.png */ = {isa = PBXFileReference; lastKnownFileType = image.png; path = params.png; sourceTree = "<group>"; };
		F9B6F0AE1907F2AB001318E5 /* photo.png */ = {isa = PBXFileReference; lastKnownFileType = image.png; path = photo.png; sourceTree = "<group>"; };
		F9B6F0AF1907F2AB001318E5 /* settings.png */ = {isa = PBXFileReference; lastKnownFileType = image.png; path = settings.png; sourceTree = "<group>"; };
		F9B6F0B01907F2AB001318E5 /* stack.png */ = {isa = PBXFileReference; lastKnownFileType = image.png; path = stack.png; sourceTree = "<group>"; };
		F9B6F0B11907F2AB001318E5 /* star.png */ = {isa = PBXFileReference; lastKnownFileType = image.png; path = star.png; sourceTree = "<group>"; };
		F9B6F0B21907F2AB001318E5 /* t-shirt.png */ = {isa = PBXFileReference; lastKnownFileType = image.png; path = "t-shirt.png"; sourceTree = "<group>"; };
		F9B6F0C01907F720001318E5 /* search.png */ = {isa = PBXFileReference; lastKnownFileType = image.png; path = search.png; sourceTree = "<group>"; };
		F9BF1832190522A20012341B /* GroupTableViewController.h */ = {isa = PBXFileReference; fileEncoding = 4; lastKnownFileType = sourcecode.c.h; path = GroupTableViewController.h; sourceTree = "<group>"; };
		F9BF1833190522A20012341B /* GroupTableViewController.m */ = {isa = PBXFileReference; fileEncoding = 4; lastKnownFileType = sourcecode.c.objc; path = GroupTableViewController.m; sourceTree = "<group>"; };
		F9BF183519052FF30012341B /* GroupTableViewCell.h */ = {isa = PBXFileReference; fileEncoding = 4; lastKnownFileType = sourcecode.c.h; path = GroupTableViewCell.h; sourceTree = "<group>"; };
		F9BF183619052FF30012341B /* GroupTableViewCell.m */ = {isa = PBXFileReference; fileEncoding = 4; lastKnownFileType = sourcecode.c.objc; path = GroupTableViewCell.m; sourceTree = "<group>"; };
		F9FE9FA119015D7200FC7EEB /* AssetManager.h */ = {isa = PBXFileReference; fileEncoding = 4; lastKnownFileType = sourcecode.c.h; path = AssetManager.h; sourceTree = "<group>"; };
		F9FE9FA219015D7200FC7EEB /* AssetManager.m */ = {isa = PBXFileReference; fileEncoding = 4; lastKnownFileType = sourcecode.c.objc; path = AssetManager.m; sourceTree = "<group>"; };
		F9FE9FA319015D7200FC7EEB /* AssetGroupData.h */ = {isa = PBXFileReference; fileEncoding = 4; lastKnownFileType = sourcecode.c.h; path = AssetGroupData.h; sourceTree = "<group>"; };
		F9FE9FA419015D7200FC7EEB /* AssetGroupData.m */ = {isa = PBXFileReference; fileEncoding = 4; lastKnownFileType = sourcecode.c.objc; path = AssetGroupData.m; sourceTree = "<group>"; };
		F9FE9FA719015F4800FC7EEB /* RootViewController.h */ = {isa = PBXFileReference; fileEncoding = 4; lastKnownFileType = sourcecode.c.h; path = RootViewController.h; sourceTree = "<group>"; };
		F9FE9FA819015F4800FC7EEB /* RootViewController.m */ = {isa = PBXFileReference; fileEncoding = 4; lastKnownFileType = sourcecode.c.objc; path = RootViewController.m; sourceTree = "<group>"; };
		F9FE9FAA19022DB800FC7EEB /* RootTableViewCell.h */ = {isa = PBXFileReference; fileEncoding = 4; lastKnownFileType = sourcecode.c.h; path = RootTableViewCell.h; sourceTree = "<group>"; };
		F9FE9FAB19022DB800FC7EEB /* RootTableViewCell.m */ = {isa = PBXFileReference; fileEncoding = 4; lastKnownFileType = sourcecode.c.objc; path = RootTableViewCell.m; sourceTree = "<group>"; };
/* End PBXFileReference section */

/* Begin PBXFrameworksBuildPhase section */
		8189E40F1901089100E4DF28 /* Frameworks */ = {
			isa = PBXFrameworksBuildPhase;
			buildActionMask = 2147483647;
			files = (
				8189E451190108D800E4DF28 /* libsqlite3.dylib in Frameworks */,
				8189E4181901089100E4DF28 /* CoreGraphics.framework in Frameworks */,
				8189E41A1901089100E4DF28 /* UIKit.framework in Frameworks */,
				8189E4161901089100E4DF28 /* Foundation.framework in Frameworks */,
			);
			runOnlyForDeploymentPostprocessing = 0;
		};
		8189E4331901089100E4DF28 /* Frameworks */ = {
			isa = PBXFrameworksBuildPhase;
			buildActionMask = 2147483647;
			files = (
				8189E4381901089100E4DF28 /* XCTest.framework in Frameworks */,
				8189E43A1901089200E4DF28 /* UIKit.framework in Frameworks */,
				8189E4391901089200E4DF28 /* Foundation.framework in Frameworks */,
			);
			runOnlyForDeploymentPostprocessing = 0;
		};
/* End PBXFrameworksBuildPhase section */

/* Begin PBXGroup section */
		8189E4091901089100E4DF28 = {
			isa = PBXGroup;
			children = (
				8189E41B1901089100E4DF28 /* SQLiteSample */,
				8189E43D1901089200E4DF28 /* SQLiteSampleTests */,
				8189E4141901089100E4DF28 /* Frameworks */,
				8189E4131901089100E4DF28 /* Products */,
			);
			sourceTree = "<group>";
		};
		8189E4131901089100E4DF28 /* Products */ = {
			isa = PBXGroup;
			children = (
				8189E4121901089100E4DF28 /* SQLiteSample.app */,
				8189E4361901089100E4DF28 /* SQLiteSampleTests.xctest */,
			);
			name = Products;
			sourceTree = "<group>";
		};
		8189E4141901089100E4DF28 /* Frameworks */ = {
			isa = PBXGroup;
			children = (
				8189E450190108D800E4DF28 /* libsqlite3.dylib */,
				8189E4151901089100E4DF28 /* Foundation.framework */,
				8189E4171901089100E4DF28 /* CoreGraphics.framework */,
				8189E4191901089100E4DF28 /* UIKit.framework */,
				8189E4371901089100E4DF28 /* XCTest.framework */,
			);
			name = Frameworks;
			sourceTree = "<group>";
		};
		8189E41B1901089100E4DF28 /* SQLiteSample */ = {
			isa = PBXGroup;
			children = (
				F9B6F0C01907F720001318E5 /* search.png */,
				F9B6F0A61907F2AB001318E5 /* clip.png */,
				F9B6F0A71907F2AB001318E5 /* diamond.png */,
				F9B6F0A81907F2AB001318E5 /* eye.png */,
				F9B6F0A91907F2AB001318E5 /* heart.png */,
				F9B6F0AA1907F2AB001318E5 /* news.png */,
				F9B6F0AB1907F2AB001318E5 /* note.png */,
				F9B6F0AC1907F2AB001318E5 /* paperplane.png */,
				F9B6F0AD1907F2AB001318E5 /* params.png */,
				F9B6F0AE1907F2AB001318E5 /* photo.png */,
				F9B6F0AF1907F2AB001318E5 /* settings.png */,
				F9B6F0B01907F2AB001318E5 /* stack.png */,
				F9B6F0B11907F2AB001318E5 /* star.png */,
				F9B6F0B21907F2AB001318E5 /* t-shirt.png */,
				F9B6F0A41907F26D001318E5 /* trash.png */,
				F9B6F0A21907F259001318E5 /* tag.png */,
				F9B6F0A01907F1B6001318E5 /* bubble.png */,
				F9B6F09E1907F1A8001318E5 /* cloud.png */,
				F9B6F09C1907EFAB001318E5 /* calendar.png */,
				F9B6F09A1907EFA0001318E5 /* camera.png */,
				813204CE1907A299008A1CFC /* arrow.png */,
				813204CF1907A299008A1CFC /* attachment.png */,
				813204D01907A299008A1CFC /* block.png */,
				813204D11907A299008A1CFC /* bluetooth.png */,
				813204D21907A299008A1CFC /* cube.png */,
				813204D31907A299008A1CFC /* download.png */,
				813204D41907A299008A1CFC /* enter.png */,
				813204D51907A299008A1CFC /* file.png */,
				813204D61907A299008A1CFC /* github.png */,
				813204CB1907A28C008A1CFC /* RNGridMenu.h */,
				813204CC1907A28C008A1CFC /* RNGridMenu.m */,
				F9FE9FA119015D7200FC7EEB /* AssetManager.h */,
				F9FE9FA219015D7200FC7EEB /* AssetManager.m */,
				F9FE9FA319015D7200FC7EEB /* AssetGroupData.h */,
				F9FE9FA419015D7200FC7EEB /* AssetGroupData.m */,
				8189E44D190108AB00E4DF28 /* SQLiteManager.h */,
				8189E44E190108AB00E4DF28 /* SQLiteManager.m */,
				8189E4241901089100E4DF28 /* AppDelegate.h */,
				8189E4251901089100E4DF28 /* AppDelegate.m */,
				8189E4271901089100E4DF28 /* Main_iPhone.storyboard */,
				F9BF1832190522A20012341B /* GroupTableViewController.h */,
				F9BF1833190522A20012341B /* GroupTableViewController.m */,
				F9BF183519052FF30012341B /* GroupTableViewCell.h */,
				F9BF183619052FF30012341B /* GroupTableViewCell.m */,
				F9FE9FAA19022DB800FC7EEB /* RootTableViewCell.h */,
				F9FE9FAB19022DB800FC7EEB /* RootTableViewCell.m */,
				F9FE9FA719015F4800FC7EEB /* RootViewController.h */,
				F9FE9FA819015F4800FC7EEB /* RootViewController.m */,
				8189E42A1901089100E4DF28 /* Main_iPad.storyboard */,
				8189E42D1901089100E4DF28 /* ViewController.h */,
				8189E42E1901089100E4DF28 /* ViewController.m */,
				8189E4301901089100E4DF28 /* Images.xcassets */,
				8189E41C1901089100E4DF28 /* Supporting Files */,
			);
			path = SQLiteSample;
			sourceTree = "<group>";
		};
		8189E41C1901089100E4DF28 /* Supporting Files */ = {
			isa = PBXGroup;
			children = (
				8189E41D1901089100E4DF28 /* SQLiteSample-Info.plist */,
				8189E41E1901089100E4DF28 /* InfoPlist.strings */,
				8189E4211901089100E4DF28 /* main.m */,
				8189E4231901089100E4DF28 /* SQLiteSample-Prefix.pch */,
			);
			name = "Supporting Files";
			sourceTree = "<group>";
		};
		8189E43D1901089200E4DF28 /* SQLiteSampleTests */ = {
			isa = PBXGroup;
			children = (
				8189E4431901089200E4DF28 /* SQLiteSampleTests.m */,
				8189E43E1901089200E4DF28 /* Supporting Files */,
			);
			path = SQLiteSampleTests;
			sourceTree = "<group>";
		};
		8189E43E1901089200E4DF28 /* Supporting Files */ = {
			isa = PBXGroup;
			children = (
				8189E43F1901089200E4DF28 /* SQLiteSampleTests-Info.plist */,
				8189E4401901089200E4DF28 /* InfoPlist.strings */,
			);
			name = "Supporting Files";
			sourceTree = "<group>";
		};
/* End PBXGroup section */

/* Begin PBXNativeTarget section */
		8189E4111901089100E4DF28 /* SQLiteSample */ = {
			isa = PBXNativeTarget;
			buildConfigurationList = 8189E4471901089200E4DF28 /* Build configuration list for PBXNativeTarget "SQLiteSample" */;
			buildPhases = (
				8189E40E1901089100E4DF28 /* Sources */,
				8189E40F1901089100E4DF28 /* Frameworks */,
				8189E4101901089100E4DF28 /* Resources */,
			);
			buildRules = (
			);
			dependencies = (
			);
			name = SQLiteSample;
			productName = SQLiteSample;
			productReference = 8189E4121901089100E4DF28 /* SQLiteSample.app */;
			productType = "com.apple.product-type.application";
		};
		8189E4351901089100E4DF28 /* SQLiteSampleTests */ = {
			isa = PBXNativeTarget;
			buildConfigurationList = 8189E44A1901089200E4DF28 /* Build configuration list for PBXNativeTarget "SQLiteSampleTests" */;
			buildPhases = (
				8189E4321901089100E4DF28 /* Sources */,
				8189E4331901089100E4DF28 /* Frameworks */,
				8189E4341901089100E4DF28 /* Resources */,
			);
			buildRules = (
			);
			dependencies = (
				8189E43C1901089200E4DF28 /* PBXTargetDependency */,
			);
			name = SQLiteSampleTests;
			productName = SQLiteSampleTests;
			productReference = 8189E4361901089100E4DF28 /* SQLiteSampleTests.xctest */;
			productType = "com.apple.product-type.bundle.unit-test";
		};
/* End PBXNativeTarget section */

/* Begin PBXProject section */
		8189E40A1901089100E4DF28 /* Project object */ = {
			isa = PBXProject;
			attributes = {
				LastUpgradeCheck = 0510;
				ORGANIZATIONNAME = "Aizawa Takashi";
				TargetAttributes = {
					8189E4351901089100E4DF28 = {
						TestTargetID = 8189E4111901089100E4DF28;
					};
				};
			};
			buildConfigurationList = 8189E40D1901089100E4DF28 /* Build configuration list for PBXProject "SQLiteSample" */;
			compatibilityVersion = "Xcode 3.2";
			developmentRegion = English;
			hasScannedForEncodings = 0;
			knownRegions = (
				en,
				Base,
			);
			mainGroup = 8189E4091901089100E4DF28;
			productRefGroup = 8189E4131901089100E4DF28 /* Products */;
			projectDirPath = "";
			projectRoot = "";
			targets = (
				8189E4111901089100E4DF28 /* SQLiteSample */,
				8189E4351901089100E4DF28 /* SQLiteSampleTests */,
			);
		};
/* End PBXProject section */

/* Begin PBXResourcesBuildPhase section */
		8189E4101901089100E4DF28 /* Resources */ = {
			isa = PBXResourcesBuildPhase;
			buildActionMask = 2147483647;
			files = (
				813204D81907A299008A1CFC /* attachment.png in Resources */,
				F9B6F0B61907F2AB001318E5 /* heart.png in Resources */,
				813204DC1907A299008A1CFC /* download.png in Resources */,
				813204D91907A299008A1CFC /* block.png in Resources */,
				F9B6F0A51907F26D001318E5 /* trash.png in Resources */,
				F9B6F0BE1907F2AB001318E5 /* star.png in Resources */,
				F9B6F09F1907F1A8001318E5 /* cloud.png in Resources */,
				F9B6F0C11907F720001318E5 /* search.png in Resources */,
				813204DB1907A299008A1CFC /* cube.png in Resources */,
				813204DF1907A299008A1CFC /* github.png in Resources */,
				F9B6F0BF1907F2AB001318E5 /* t-shirt.png in Resources */,
				F9B6F0B71907F2AB001318E5 /* news.png in Resources */,
				F9B6F0B51907F2AB001318E5 /* eye.png in Resources */,
				F9B6F0BD1907F2AB001318E5 /* stack.png in Resources */,
				8189E42C1901089100E4DF28 /* Main_iPad.storyboard in Resources */,
				F9B6F0B81907F2AB001318E5 /* note.png in Resources */,
				F9B6F0BC1907F2AB001318E5 /* settings.png in Resources */,
				813204DD1907A299008A1CFC /* enter.png in Resources */,
				F9B6F09D1907EFAB001318E5 /* calendar.png in Resources */,
				F9B6F0BB1907F2AB001318E5 /* photo.png in Resources */,
				8189E4311901089100E4DF28 /* Images.xcassets in Resources */,
				F9B6F0B31907F2AB001318E5 /* clip.png in Resources */,
				F9B6F09B1907EFA0001318E5 /* camera.png in Resources */,
				8189E4291901089100E4DF28 /* Main_iPhone.storyboard in Resources */,
				F9B6F0A31907F259001318E5 /* tag.png in Resources */,
				813204D71907A299008A1CFC /* arrow.png in Resources */,
				F9B6F0BA1907F2AB001318E5 /* params.png in Resources */,
				813204DA1907A299008A1CFC /* bluetooth.png in Resources */,
				F9B6F0B91907F2AB001318E5 /* paperplane.png in Resources */,
				8189E4201901089100E4DF28 /* InfoPlist.strings in Resources */,
				F9B6F0B41907F2AB001318E5 /* diamond.png in Resources */,
				813204DE1907A299008A1CFC /* file.png in Resources */,
				F9B6F0A11907F1B6001318E5 /* bubble.png in Resources */,
			);
			runOnlyForDeploymentPostprocessing = 0;
		};
		8189E4341901089100E4DF28 /* Resources */ = {
			isa = PBXResourcesBuildPhase;
			buildActionMask = 2147483647;
			files = (
				8189E4421901089200E4DF28 /* InfoPlist.strings in Resources */,
			);
			runOnlyForDeploymentPostprocessing = 0;
		};
/* End PBXResourcesBuildPhase section */

/* Begin PBXSourcesBuildPhase section */
		8189E40E1901089100E4DF28 /* Sources */ = {
			isa = PBXSourcesBuildPhase;
			buildActionMask = 2147483647;
			files = (
				8189E42F1901089100E4DF28 /* ViewController.m in Sources */,
				F9FE9FA919015F4800FC7EEB /* RootViewController.m in Sources */,
				F9BF1834190522A20012341B /* GroupTableViewController.m in Sources */,
				F9FE9FA519015D7200FC7EEB /* AssetManager.m in Sources */,
				F9FE9FA619015D7200FC7EEB /* AssetGroupData.m in Sources */,
				F9BF183719052FF30012341B /* GroupTableViewCell.m in Sources */,
				813204CD1907A28C008A1CFC /* RNGridMenu.m in Sources */,
				8189E4261901089100E4DF28 /* AppDelegate.m in Sources */,
				F9FE9FAC19022DB800FC7EEB /* RootTableViewCell.m in Sources */,
				8189E4221901089100E4DF28 /* main.m in Sources */,
				8189E44F190108AB00E4DF28 /* SQLiteManager.m in Sources */,
			);
			runOnlyForDeploymentPostprocessing = 0;
		};
		8189E4321901089100E4DF28 /* Sources */ = {
			isa = PBXSourcesBuildPhase;
			buildActionMask = 2147483647;
			files = (
				8189E4441901089200E4DF28 /* SQLiteSampleTests.m in Sources */,
			);
			runOnlyForDeploymentPostprocessing = 0;
		};
/* End PBXSourcesBuildPhase section */

/* Begin PBXTargetDependency section */
		8189E43C1901089200E4DF28 /* PBXTargetDependency */ = {
			isa = PBXTargetDependency;
			target = 8189E4111901089100E4DF28 /* SQLiteSample */;
			targetProxy = 8189E43B1901089200E4DF28 /* PBXContainerItemProxy */;
		};
/* End PBXTargetDependency section */

/* Begin PBXVariantGroup section */
		8189E41E1901089100E4DF28 /* InfoPlist.strings */ = {
			isa = PBXVariantGroup;
			children = (
				8189E41F1901089100E4DF28 /* en */,
			);
			name = InfoPlist.strings;
			sourceTree = "<group>";
		};
		8189E4271901089100E4DF28 /* Main_iPhone.storyboard */ = {
			isa = PBXVariantGroup;
			children = (
				8189E4281901089100E4DF28 /* Base */,
			);
			name = Main_iPhone.storyboard;
			sourceTree = "<group>";
		};
		8189E42A1901089100E4DF28 /* Main_iPad.storyboard */ = {
			isa = PBXVariantGroup;
			children = (
				8189E42B1901089100E4DF28 /* Base */,
			);
			name = Main_iPad.storyboard;
			sourceTree = "<group>";
		};
		8189E4401901089200E4DF28 /* InfoPlist.strings */ = {
			isa = PBXVariantGroup;
			children = (
				8189E4411901089200E4DF28 /* en */,
			);
			name = InfoPlist.strings;
			sourceTree = "<group>";
		};
/* End PBXVariantGroup section */

/* Begin XCBuildConfiguration section */
		8189E4451901089200E4DF28 /* Debug */ = {
			isa = XCBuildConfiguration;
			buildSettings = {
				ALWAYS_SEARCH_USER_PATHS = NO;
				CLANG_CXX_LANGUAGE_STANDARD = "gnu++0x";
				CLANG_CXX_LIBRARY = "libc++";
				CLANG_ENABLE_MODULES = YES;
				CLANG_ENABLE_OBJC_ARC = YES;
				CLANG_WARN_BOOL_CONVERSION = YES;
				CLANG_WARN_CONSTANT_CONVERSION = YES;
				CLANG_WARN_DIRECT_OBJC_ISA_USAGE = YES_ERROR;
				CLANG_WARN_EMPTY_BODY = YES;
				CLANG_WARN_ENUM_CONVERSION = YES;
				CLANG_WARN_INT_CONVERSION = YES;
				CLANG_WARN_OBJC_ROOT_CLASS = YES_ERROR;
				CLANG_WARN__DUPLICATE_METHOD_MATCH = YES;
				"CODE_SIGN_IDENTITY[sdk=iphoneos*]" = "iPhone Developer";
				COPY_PHASE_STRIP = NO;
				GCC_C_LANGUAGE_STANDARD = gnu99;
				GCC_DYNAMIC_NO_PIC = NO;
				GCC_OPTIMIZATION_LEVEL = 0;
				GCC_PREPROCESSOR_DEFINITIONS = (
					"DEBUG=1",
					"$(inherited)",
				);
				GCC_SYMBOLS_PRIVATE_EXTERN = NO;
				GCC_WARN_64_TO_32_BIT_CONVERSION = YES;
				GCC_WARN_ABOUT_RETURN_TYPE = YES_ERROR;
				GCC_WARN_UNDECLARED_SELECTOR = YES;
				GCC_WARN_UNINITIALIZED_AUTOS = YES_AGGRESSIVE;
				GCC_WARN_UNUSED_FUNCTION = YES;
				GCC_WARN_UNUSED_VARIABLE = YES;
				IPHONEOS_DEPLOYMENT_TARGET = 7.1;
				ONLY_ACTIVE_ARCH = YES;
				SDKROOT = iphoneos;
				TARGETED_DEVICE_FAMILY = "1,2";
			};
			name = Debug;
		};
		8189E4461901089200E4DF28 /* Release */ = {
			isa = XCBuildConfiguration;
			buildSettings = {
				ALWAYS_SEARCH_USER_PATHS = NO;
				CLANG_CXX_LANGUAGE_STANDARD = "gnu++0x";
				CLANG_CXX_LIBRARY = "libc++";
				CLANG_ENABLE_MODULES = YES;
				CLANG_ENABLE_OBJC_ARC = YES;
				CLANG_WARN_BOOL_CONVERSION = YES;
				CLANG_WARN_CONSTANT_CONVERSION = YES;
				CLANG_WARN_DIRECT_OBJC_ISA_USAGE = YES_ERROR;
				CLANG_WARN_EMPTY_BODY = YES;
				CLANG_WARN_ENUM_CONVERSION = YES;
				CLANG_WARN_INT_CONVERSION = YES;
				CLANG_WARN_OBJC_ROOT_CLASS = YES_ERROR;
				CLANG_WARN__DUPLICATE_METHOD_MATCH = YES;
				"CODE_SIGN_IDENTITY[sdk=iphoneos*]" = "iPhone Developer";
				COPY_PHASE_STRIP = YES;
				ENABLE_NS_ASSERTIONS = NO;
				GCC_C_LANGUAGE_STANDARD = gnu99;
				GCC_WARN_64_TO_32_BIT_CONVERSION = YES;
				GCC_WARN_ABOUT_RETURN_TYPE = YES_ERROR;
				GCC_WARN_UNDECLARED_SELECTOR = YES;
				GCC_WARN_UNINITIALIZED_AUTOS = YES_AGGRESSIVE;
				GCC_WARN_UNUSED_FUNCTION = YES;
				GCC_WARN_UNUSED_VARIABLE = YES;
				IPHONEOS_DEPLOYMENT_TARGET = 7.1;
				SDKROOT = iphoneos;
				TARGETED_DEVICE_FAMILY = "1,2";
				VALIDATE_PRODUCT = YES;
			};
			name = Release;
		};
		8189E4481901089200E4DF28 /* Debug */ = {
			isa = XCBuildConfiguration;
			buildSettings = {
				ASSETCATALOG_COMPILER_APPICON_NAME = AppIcon;
				ASSETCATALOG_COMPILER_LAUNCHIMAGE_NAME = LaunchImage;
				GCC_PRECOMPILE_PREFIX_HEADER = YES;
				GCC_PREFIX_HEADER = "SQLiteSample/SQLiteSample-Prefix.pch";
				INFOPLIST_FILE = "SQLiteSample/SQLiteSample-Info.plist";
				PRODUCT_NAME = "$(TARGET_NAME)";
				WRAPPER_EXTENSION = app;
			};
			name = Debug;
		};
		8189E4491901089200E4DF28 /* Release */ = {
			isa = XCBuildConfiguration;
			buildSettings = {
				ASSETCATALOG_COMPILER_APPICON_NAME = AppIcon;
				ASSETCATALOG_COMPILER_LAUNCHIMAGE_NAME = LaunchImage;
				GCC_PRECOMPILE_PREFIX_HEADER = YES;
				GCC_PREFIX_HEADER = "SQLiteSample/SQLiteSample-Prefix.pch";
				INFOPLIST_FILE = "SQLiteSample/SQLiteSample-Info.plist";
				PRODUCT_NAME = "$(TARGET_NAME)";
				WRAPPER_EXTENSION = app;
			};
			name = Release;
		};
		8189E44B1901089200E4DF28 /* Debug */ = {
			isa = XCBuildConfiguration;
			buildSettings = {
				BUNDLE_LOADER = "$(BUILT_PRODUCTS_DIR)/SQLiteSample.app/SQLiteSample";
				FRAMEWORK_SEARCH_PATHS = (
					"$(SDKROOT)/Developer/Library/Frameworks",
					"$(inherited)",
					"$(DEVELOPER_FRAMEWORKS_DIR)",
				);
				GCC_PRECOMPILE_PREFIX_HEADER = YES;
				GCC_PREFIX_HEADER = "SQLiteSample/SQLiteSample-Prefix.pch";
				GCC_PREPROCESSOR_DEFINITIONS = (
					"DEBUG=1",
					"$(inherited)",
				);
				INFOPLIST_FILE = "SQLiteSampleTests/SQLiteSampleTests-Info.plist";
				PRODUCT_NAME = "$(TARGET_NAME)";
				TEST_HOST = "$(BUNDLE_LOADER)";
				WRAPPER_EXTENSION = xctest;
			};
			name = Debug;
		};
		8189E44C1901089200E4DF28 /* Release */ = {
			isa = XCBuildConfiguration;
			buildSettings = {
				BUNDLE_LOADER = "$(BUILT_PRODUCTS_DIR)/SQLiteSample.app/SQLiteSample";
				FRAMEWORK_SEARCH_PATHS = (
					"$(SDKROOT)/Developer/Library/Frameworks",
					"$(inherited)",
					"$(DEVELOPER_FRAMEWORKS_DIR)",
				);
				GCC_PRECOMPILE_PREFIX_HEADER = YES;
				GCC_PREFIX_HEADER = "SQLiteSample/SQLiteSample-Prefix.pch";
				INFOPLIST_FILE = "SQLiteSampleTests/SQLiteSampleTests-Info.plist";
				PRODUCT_NAME = "$(TARGET_NAME)";
				TEST_HOST = "$(BUNDLE_LOADER)";
				WRAPPER_EXTENSION = xctest;
			};
			name = Release;
		};
/* End XCBuildConfiguration section */

/* Begin XCConfigurationList section */
		8189E40D1901089100E4DF28 /* Build configuration list for PBXProject "SQLiteSample" */ = {
			isa = XCConfigurationList;
			buildConfigurations = (
				8189E4451901089200E4DF28 /* Debug */,
				8189E4461901089200E4DF28 /* Release */,
			);
			defaultConfigurationIsVisible = 0;
			defaultConfigurationName = Release;
		};
		8189E4471901089200E4DF28 /* Build configuration list for PBXNativeTarget "SQLiteSample" */ = {
			isa = XCConfigurationList;
			buildConfigurations = (
				8189E4481901089200E4DF28 /* Debug */,
				8189E4491901089200E4DF28 /* Release */,
			);
			defaultConfigurationIsVisible = 0;
			defaultConfigurationName = Release;
		};
		8189E44A1901089200E4DF28 /* Build configuration list for PBXNativeTarget "SQLiteSampleTests" */ = {
			isa = XCConfigurationList;
			buildConfigurations = (
				8189E44B1901089200E4DF28 /* Debug */,
				8189E44C1901089200E4DF28 /* Release */,
			);
			defaultConfigurationIsVisible = 0;
			defaultConfigurationName = Release;
		};
/* End XCConfigurationList section */
	};
	rootObject = 8189E40A1901089100E4DF28 /* Project object */;
}
