// !$*UTF8*$!
{
	archiveVersion = 1;
	classes = {
	};
	objectVersion = 46;
	objects = {

/* Begin PBXBuildFile section */
		8189E4161901089100E4DF28 /* Foundation.framework in Frameworks */ = {isa = PBXBuildFile; fileRef = 8189E4151901089100E4DF28 /* Foundation.framework */; };
		8189E4181901089100E4DF28 /* CoreGraphics.framework in Frameworks */ = {isa = PBXBuildFile; fileRef = 8189E4171901089100E4DF28 /* CoreGraphics.framework */; };
		8189E41A1901089100E4DF28 /* UIKit.framework in Frameworks */ = {isa = PBXBuildFile; fileRef = 8189E4191901089100E4DF28 /* UIKit.framework */; };
		8189E4201901089100E4DF28 /* InfoPlist.strings in Resources */ = {isa = PBXBuildFile; fileRef = 8189E41E1901089100E4DF28 /* InfoPlist.strings */; };
		8189E4221901089100E4DF28 /* main.m in Sources */ = {isa = PBXBuildFile; fileRef = 8189E4211901089100E4DF28 /* main.m */; };
		8189E4261901089100E4DF28 /* AppDelegate.m in Sources */ = {isa = PBXBuildFile; fileRef = 8189E4251901089100E4DF28 /* AppDelegate.m */; };
		8189E4291901089100E4DF28 /* Main_iPhone.storyboard in Resources */ = {isa = PBXBuildFile; fileRef = 8189E4271901089100E4DF28 /* Main_iPhone.storyboard */; };
		8189E42C1901089100E4DF28 /* Main_iPad.storyboard in Resources */ = {isa = PBXBuildFile; fileRef = 8189E42A1901089100E4DF28 /* Main_iPad.storyboard */; };
		8189E42F1901089100E4DF28 /* ViewController.m in Sources */ = {isa = PBXBuildFile; fileRef = 8189E42E1901089100E4DF28 /* ViewController.m */; };
		8189E4311901089100E4DF28 /* Images.xcassets in Resources */ = {isa = PBXBuildFile; fileRef = 8189E4301901089100E4DF28 /* Images.xcassets */; };
		8189E4381901089100E4DF28 /* XCTest.framework in Frameworks */ = {isa = PBXBuildFile; fileRef = 8189E4371901089100E4DF28 /* XCTest.framework */; };
		8189E4391901089200E4DF28 /* Foundation.framework in Frameworks */ = {isa = PBXBuildFile; fileRef = 8189E4151901089100E4DF28 /* Foundation.framework */; };
		8189E43A1901089200E4DF28 /* UIKit.framework in Frameworks */ = {isa = PBXBuildFile; fileRef = 8189E4191901089100E4DF28 /* UIKit.framework */; };
		8189E4421901089200E4DF28 /* InfoPlist.strings in Resources */ = {isa = PBXBuildFile; fileRef = 8189E4401901089200E4DF28 /* InfoPlist.strings */; };
		8189E4441901089200E4DF28 /* SQLiteSampleTests.m in Sources */ = {isa = PBXBuildFile; fileRef = 8189E4431901089200E4DF28 /* SQLiteSampleTests.m */; };
		8189E44F190108AB00E4DF28 /* SQLiteManager.m in Sources */ = {isa = PBXBuildFile; fileRef = 8189E44E190108AB00E4DF28 /* SQLiteManager.m */; };
		8189E451190108D800E4DF28 /* libsqlite3.dylib in Frameworks */ = {isa = PBXBuildFile; fileRef = 8189E450190108D800E4DF28 /* libsqlite3.dylib */; };
/* End PBXBuildFile section */

/* Begin PBXContainerItemProxy section */
		8189E43B1901089200E4DF28 /* PBXContainerItemProxy */ = {
			isa = PBXContainerItemProxy;
			containerPortal = 8189E40A1901089100E4DF28 /* Project object */;
			proxyType = 1;
			remoteGlobalIDString = 8189E4111901089100E4DF28;
			remoteInfo = SQLiteSample;
		};
/* End PBXContainerItemProxy section */

/* Begin PBXFileReference section */
		8189E4121901089100E4DF28 /* SQLiteSample.app */ = {isa = PBXFileReference; explicitFileType = wrapper.application; includeInIndex = 0; path = SQLiteSample.app; sourceTree = BUILT_PRODUCTS_DIR; };
		8189E4151901089100E4DF28 /* Foundation.framework */ = {isa = PBXFileReference; lastKnownFileType = wrapper.framework; name = Foundation.framework; path = System/Library/Frameworks/Foundation.framework; sourceTree = SDKROOT; };
		8189E4171901089100E4DF28 /* CoreGraphics.framework */ = {isa = PBXFileReference; lastKnownFileType = wrapper.framework; name = CoreGraphics.framework; path = System/Library/Frameworks/CoreGraphics.framework; sourceTree = SDKROOT; };
		8189E4191901089100E4DF28 /* UIKit.framework */ = {isa = PBXFileReference; lastKnownFileType = wrapper.framework; name = UIKit.framework; path = System/Library/Frameworks/UIKit.framework; sourceTree = SDKROOT; };
		8189E41D1901089100E4DF28 /* SQLiteSample-Info.plist */ = {isa = PBXFileReference; lastKnownFileType = text.plist.xml; path = "SQLiteSample-Info.plist"; sourceTree = "<group>"; };
		8189E41F1901089100E4DF28 /* en */ = {isa = PBXFileReference; lastKnownFileType = text.plist.strings; name = en; path = en.lproj/InfoPlist.strings; sourceTree = "<group>"; };
		8189E4211901089100E4DF28 /* main.m */ = {isa = PBXFileReference; lastKnownFileType = sourcecode.c.objc; path = main.m; sourceTree = "<group>"; };
		8189E4231901089100E4DF28 /* SQLiteSample-Prefix.pch */ = {isa = PBXFileReference; lastKnownFileType = sourcecode.c.h; path = "SQLiteSample-Prefix.pch"; sourceTree = "<group>"; };
		8189E4241901089100E4DF28 /* AppDelegate.h */ = {isa = PBXFileReference; lastKnownFileType = sourcecode.c.h; path = AppDelegate.h; sourceTree = "<group>"; };
		8189E4251901089100E4DF28 /* AppDelegate.m */ = {isa = PBXFileReference; lastKnownFileType = sourcecode.c.objc; path = AppDelegate.m; sourceTree = "<group>"; };
		8189E4281901089100E4DF28 /* Base */ = {isa = PBXFileReference; lastKnownFileType = file.storyboard; name = Base; path = Base.lproj/Main_iPhone.storyboard; sourceTree = "<group>"; };
		8189E42B1901089100E4DF28 /* Base */ = {isa = PBXFileReference; lastKnownFileType = file.storyboard; name = Base; path = Base.lproj/Main_iPad.storyboard; sourceTree = "<group>"; };
		8189E42D1901089100E4DF28 /* ViewController.h */ = {isa = PBXFileReference; lastKnownFileType = sourcecode.c.h; path = ViewController.h; sourceTree = "<group>"; };
		8189E42E1901089100E4DF28 /* ViewController.m */ = {isa = PBXFileReference; lastKnownFileType = sourcecode.c.objc; path = ViewController.m; sourceTree = "<group>"; };
		8189E4301901089100E4DF28 /* Images.xcassets */ = {isa = PBXFileReference; lastKnownFileType = folder.assetcatalog; path = Images.xcassets; sourceTree = "<group>"; };
		8189E4361901089100E4DF28 /* SQLiteSampleTests.xctest */ = {isa = PBXFileReference; explicitFileType = wrapper.cfbundle; includeInIndex = 0; path = SQLiteSampleTests.xctest; sourceTree = BUILT_PRODUCTS_DIR; };
		8189E4371901089100E4DF28 /* XCTest.framework */ = {isa = PBXFileReference; lastKnownFileType = wrapper.framework; name = XCTest.framework; path = Library/Frameworks/XCTest.framework; sourceTree = DEVELOPER_DIR; };
		8189E43F1901089200E4DF28 /* SQLiteSampleTests-Info.plist */ = {isa = PBXFileReference; lastKnownFileType = text.plist.xml; path = "SQLiteSampleTests-Info.plist"; sourceTree = "<group>"; };
		8189E4411901089200E4DF28 /* en */ = {isa = PBXFileReference; lastKnownFileType = text.plist.strings; name = en; path = en.lproj/InfoPlist.strings; sourceTree = "<group>"; };
		8189E4431901089200E4DF28 /* SQLiteSampleTests.m */ = {isa = PBXFileReference; lastKnownFileType = sourcecode.c.objc; path = SQLiteSampleTests.m; sourceTree = "<group>"; };
		8189E44D190108AB00E4DF28 /* SQLiteManager.h */ = {isa = PBXFileReference; fileEncoding = 4; lastKnownFileType = sourcecode.c.h; path = SQLiteManager.h; sourceTree = "<group>"; };
		8189E44E190108AB00E4DF28 /* SQLiteManager.m */ = {isa = PBXFileReference; fileEncoding = 4; lastKnownFileType = sourcecode.c.objc; path = SQLiteManager.m; sourceTree = "<group>"; };
		8189E450190108D800E4DF28 /* libsqlite3.dylib */ = {isa = PBXFileReference; lastKnownFileType = "compiled.mach-o.dylib"; name = libsqlite3.dylib; path = usr/lib/libsqlite3.dylib; sourceTree = SDKROOT; };
/* End PBXFileReference section */

/* Begin PBXFrameworksBuildPhase section */
		8189E40F1901089100E4DF28 /* Frameworks */ = {
			isa = PBXFrameworksBuildPhase;
			buildActionMask = 2147483647;
			files = (
				8189E451190108D800E4DF28 /* libsqlite3.dylib in Frameworks */,
				8189E4181901089100E4DF28 /* CoreGraphics.framework in Frameworks */,
				8189E41A1901089100E4DF28 /* UIKit.framework in Frameworks */,
				8189E4161901089100E4DF28 /* Foundation.framework in Frameworks */,
			);
			runOnlyForDeploymentPostprocessing = 0;
		};
		8189E4331901089100E4DF28 /* Frameworks */ = {
			isa = PBXFrameworksBuildPhase;
			buildActionMask = 2147483647;
			files = (
				8189E4381901089100E4DF28 /* XCTest.framework in Frameworks */,
				8189E43A1901089200E4DF28 /* UIKit.framework in Frameworks */,
				8189E4391901089200E4DF28 /* Foundation.framework in Frameworks */,
			);
			runOnlyForDeploymentPostprocessing = 0;
		};
/* End PBXFrameworksBuildPhase section */

/* Begin PBXGroup section */
		8189E4091901089100E4DF28 = {
			isa = PBXGroup;
			children = (
				8189E41B1901089100E4DF28 /* SQLiteSample */,
				8189E43D1901089200E4DF28 /* SQLiteSampleTests */,
				8189E4141901089100E4DF28 /* Frameworks */,
				8189E4131901089100E4DF28 /* Products */,
			);
			sourceTree = "<group>";
		};
		8189E4131901089100E4DF28 /* Products */ = {
			isa = PBXGroup;
			children = (
				8189E4121901089100E4DF28 /* SQLiteSample.app */,
				8189E4361901089100E4DF28 /* SQLiteSampleTests.xctest */,
			);
			name = Products;
			sourceTree = "<group>";
		};
		8189E4141901089100E4DF28 /* Frameworks */ = {
			isa = PBXGroup;
			children = (
				8189E450190108D800E4DF28 /* libsqlite3.dylib */,
				8189E4151901089100E4DF28 /* Foundation.framework */,
				8189E4171901089100E4DF28 /* CoreGraphics.framework */,
				8189E4191901089100E4DF28 /* UIKit.framework */,
				8189E4371901089100E4DF28 /* XCTest.framework */,
			);
			name = Frameworks;
			sourceTree = "<group>";
		};
		8189E41B1901089100E4DF28 /* SQLiteSample */ = {
			isa = PBXGroup;
			children = (
				8189E44D190108AB00E4DF28 /* SQLiteManager.h */,
				8189E44E190108AB00E4DF28 /* SQLiteManager.m */,
				8189E4241901089100E4DF28 /* AppDelegate.h */,
				8189E4251901089100E4DF28 /* AppDelegate.m */,
				8189E4271901089100E4DF28 /* Main_iPhone.storyboard */,
				8189E42A1901089100E4DF28 /* Main_iPad.storyboard */,
				8189E42D1901089100E4DF28 /* ViewController.h */,
				8189E42E1901089100E4DF28 /* ViewController.m */,
				8189E4301901089100E4DF28 /* Images.xcassets */,
				8189E41C1901089100E4DF28 /* Supporting Files */,
			);
			path = SQLiteSample;
			sourceTree = "<group>";
		};
		8189E41C1901089100E4DF28 /* Supporting Files */ = {
			isa = PBXGroup;
			children = (
				8189E41D1901089100E4DF28 /* SQLiteSample-Info.plist */,
				8189E41E1901089100E4DF28 /* InfoPlist.strings */,
				8189E4211901089100E4DF28 /* main.m */,
				8189E4231901089100E4DF28 /* SQLiteSample-Prefix.pch */,
			);
			name = "Supporting Files";
			sourceTree = "<group>";
		};
		8189E43D1901089200E4DF28 /* SQLiteSampleTests */ = {
			isa = PBXGroup;
			children = (
				8189E4431901089200E4DF28 /* SQLiteSampleTests.m */,
				8189E43E1901089200E4DF28 /* Supporting Files */,
			);
			path = SQLiteSampleTests;
			sourceTree = "<group>";
		};
		8189E43E1901089200E4DF28 /* Supporting Files */ = {
			isa = PBXGroup;
			children = (
				8189E43F1901089200E4DF28 /* SQLiteSampleTests-Info.plist */,
				8189E4401901089200E4DF28 /* InfoPlist.strings */,
			);
			name = "Supporting Files";
			sourceTree = "<group>";
		};
/* End PBXGroup section */

/* Begin PBXNativeTarget section */
		8189E4111901089100E4DF28 /* SQLiteSample */ = {
			isa = PBXNativeTarget;
			buildConfigurationList = 8189E4471901089200E4DF28 /* Build configuration list for PBXNativeTarget "SQLiteSample" */;
			buildPhases = (
				8189E40E1901089100E4DF28 /* Sources */,
				8189E40F1901089100E4DF28 /* Frameworks */,
				8189E4101901089100E4DF28 /* Resources */,
			);
			buildRules = (
			);
			dependencies = (
			);
			name = SQLiteSample;
			productName = SQLiteSample;
			productReference = 8189E4121901089100E4DF28 /* SQLiteSample.app */;
			productType = "com.apple.product-type.application";
		};
		8189E4351901089100E4DF28 /* SQLiteSampleTests */ = {
			isa = PBXNativeTarget;
			buildConfigurationList = 8189E44A1901089200E4DF28 /* Build configuration list for PBXNativeTarget "SQLiteSampleTests" */;
			buildPhases = (
				8189E4321901089100E4DF28 /* Sources */,
				8189E4331901089100E4DF28 /* Frameworks */,
				8189E4341901089100E4DF28 /* Resources */,
			);
			buildRules = (
			);
			dependencies = (
				8189E43C1901089200E4DF28 /* PBXTargetDependency */,
			);
			name = SQLiteSampleTests;
			productName = SQLiteSampleTests;
			productReference = 8189E4361901089100E4DF28 /* SQLiteSampleTests.xctest */;
			productType = "com.apple.product-type.bundle.unit-test";
		};
/* End PBXNativeTarget section */

/* Begin PBXProject section */
		8189E40A1901089100E4DF28 /* Project object */ = {
			isa = PBXProject;
			attributes = {
				LastUpgradeCheck = 0510;
				ORGANIZATIONNAME = "Aizawa Takashi";
				TargetAttributes = {
					8189E4351901089100E4DF28 = {
						TestTargetID = 8189E4111901089100E4DF28;
					};
				};
			};
			buildConfigurationList = 8189E40D1901089100E4DF28 /* Build configuration list for PBXProject "SQLiteSample" */;
			compatibilityVersion = "Xcode 3.2";
			developmentRegion = English;
			hasScannedForEncodings = 0;
			knownRegions = (
				en,
				Base,
			);
			mainGroup = 8189E4091901089100E4DF28;
			productRefGroup = 8189E4131901089100E4DF28 /* Products */;
			projectDirPath = "";
			projectRoot = "";
			targets = (
				8189E4111901089100E4DF28 /* SQLiteSample */,
				8189E4351901089100E4DF28 /* SQLiteSampleTests */,
			);
		};
/* End PBXProject section */

/* Begin PBXResourcesBuildPhase section */
		8189E4101901089100E4DF28 /* Resources */ = {
			isa = PBXResourcesBuildPhase;
			buildActionMask = 2147483647;
			files = (
				8189E42C1901089100E4DF28 /* Main_iPad.storyboard in Resources */,
				8189E4311901089100E4DF28 /* Images.xcassets in Resources */,
				8189E4291901089100E4DF28 /* Main_iPhone.storyboard in Resources */,
				8189E4201901089100E4DF28 /* InfoPlist.strings in Resources */,
			);
			runOnlyForDeploymentPostprocessing = 0;
		};
		8189E4341901089100E4DF28 /* Resources */ = {
			isa = PBXResourcesBuildPhase;
			buildActionMask = 2147483647;
			files = (
				8189E4421901089200E4DF28 /* InfoPlist.strings in Resources */,
			);
			runOnlyForDeploymentPostprocessing = 0;
		};
/* End PBXResourcesBuildPhase section */

/* Begin PBXSourcesBuildPhase section */
		8189E40E1901089100E4DF28 /* Sources */ = {
			isa = PBXSourcesBuildPhase;
			buildActionMask = 2147483647;
			files = (
				8189E42F1901089100E4DF28 /* ViewController.m in Sources */,
				8189E4261901089100E4DF28 /* AppDelegate.m in Sources */,
				8189E4221901089100E4DF28 /* main.m in Sources */,
				8189E44F190108AB00E4DF28 /* SQLiteManager.m in Sources */,
			);
			runOnlyForDeploymentPostprocessing = 0;
		};
		8189E4321901089100E4DF28 /* Sources */ = {
			isa = PBXSourcesBuildPhase;
			buildActionMask = 2147483647;
			files = (
				8189E4441901089200E4DF28 /* SQLiteSampleTests.m in Sources */,
			);
			runOnlyForDeploymentPostprocessing = 0;
		};
/* End PBXSourcesBuildPhase section */

/* Begin PBXTargetDependency section */
		8189E43C1901089200E4DF28 /* PBXTargetDependency */ = {
			isa = PBXTargetDependency;
			target = 8189E4111901089100E4DF28 /* SQLiteSample */;
			targetProxy = 8189E43B1901089200E4DF28 /* PBXContainerItemProxy */;
		};
/* End PBXTargetDependency section */

/* Begin PBXVariantGroup section */
		8189E41E1901089100E4DF28 /* InfoPlist.strings */ = {
			isa = PBXVariantGroup;
			children = (
				8189E41F1901089100E4DF28 /* en */,
			);
			name = InfoPlist.strings;
			sourceTree = "<group>";
		};
		8189E4271901089100E4DF28 /* Main_iPhone.storyboard */ = {
			isa = PBXVariantGroup;
			children = (
				8189E4281901089100E4DF28 /* Base */,
			);
			name = Main_iPhone.storyboard;
			sourceTree = "<group>";
		};
		8189E42A1901089100E4DF28 /* Main_iPad.storyboard */ = {
			isa = PBXVariantGroup;
			children = (
				8189E42B1901089100E4DF28 /* Base */,
			);
			name = Main_iPad.storyboard;
			sourceTree = "<group>";
		};
		8189E4401901089200E4DF28 /* InfoPlist.strings */ = {
			isa = PBXVariantGroup;
			children = (
				8189E4411901089200E4DF28 /* en */,
			);
			name = InfoPlist.strings;
			sourceTree = "<group>";
		};
/* End PBXVariantGroup section */

/* Begin XCBuildConfiguration section */
		8189E4451901089200E4DF28 /* Debug */ = {
			isa = XCBuildConfiguration;
			buildSettings = {
				ALWAYS_SEARCH_USER_PATHS = NO;
				CLANG_CXX_LANGUAGE_STANDARD = "gnu++0x";
				CLANG_CXX_LIBRARY = "libc++";
				CLANG_ENABLE_MODULES = YES;
				CLANG_ENABLE_OBJC_ARC = YES;
				CLANG_WARN_BOOL_CONVERSION = YES;
				CLANG_WARN_CONSTANT_CONVERSION = YES;
				CLANG_WARN_DIRECT_OBJC_ISA_USAGE = YES_ERROR;
				CLANG_WARN_EMPTY_BODY = YES;
				CLANG_WARN_ENUM_CONVERSION = YES;
				CLANG_WARN_INT_CONVERSION = YES;
				CLANG_WARN_OBJC_ROOT_CLASS = YES_ERROR;
				CLANG_WARN__DUPLICATE_METHOD_MATCH = YES;
				"CODE_SIGN_IDENTITY[sdk=iphoneos*]" = "iPhone Developer";
				COPY_PHASE_STRIP = NO;
				GCC_C_LANGUAGE_STANDARD = gnu99;
				GCC_DYNAMIC_NO_PIC = NO;
				GCC_OPTIMIZATION_LEVEL = 0;
				GCC_PREPROCESSOR_DEFINITIONS = (
					"DEBUG=1",
					"$(inherited)",
				);
				GCC_SYMBOLS_PRIVATE_EXTERN = NO;
				GCC_WARN_64_TO_32_BIT_CONVERSION = YES;
				GCC_WARN_ABOUT_RETURN_TYPE = YES_ERROR;
				GCC_WARN_UNDECLARED_SELECTOR = YES;
				GCC_WARN_UNINITIALIZED_AUTOS = YES_AGGRESSIVE;
				GCC_WARN_UNUSED_FUNCTION = YES;
				GCC_WARN_UNUSED_VARIABLE = YES;
				IPHONEOS_DEPLOYMENT_TARGET = 7.1;
				ONLY_ACTIVE_ARCH = YES;
				SDKROOT = iphoneos;
				TARGETED_DEVICE_FAMILY = "1,2";
			};
			name = Debug;
		};
		8189E4461901089200E4DF28 /* Release */ = {
			isa = XCBuildConfiguration;
			buildSettings = {
				ALWAYS_SEARCH_USER_PATHS = NO;
				CLANG_CXX_LANGUAGE_STANDARD = "gnu++0x";
				CLANG_CXX_LIBRARY = "libc++";
				CLANG_ENABLE_MODULES = YES;
				CLANG_ENABLE_OBJC_ARC = YES;
				CLANG_WARN_BOOL_CONVERSION = YES;
				CLANG_WARN_CONSTANT_CONVERSION = YES;
				CLANG_WARN_DIRECT_OBJC_ISA_USAGE = YES_ERROR;
				CLANG_WARN_EMPTY_BODY = YES;
				CLANG_WARN_ENUM_CONVERSION = YES;
				CLANG_WARN_INT_CONVERSION = YES;
				CLANG_WARN_OBJC_ROOT_CLASS = YES_ERROR;
				CLANG_WARN__DUPLICATE_METHOD_MATCH = YES;
				"CODE_SIGN_IDENTITY[sdk=iphoneos*]" = "iPhone Developer";
				COPY_PHASE_STRIP = YES;
				ENABLE_NS_ASSERTIONS = NO;
				GCC_C_LANGUAGE_STANDARD = gnu99;
				GCC_WARN_64_TO_32_BIT_CONVERSION = YES;
				GCC_WARN_ABOUT_RETURN_TYPE = YES_ERROR;
				GCC_WARN_UNDECLARED_SELECTOR = YES;
				GCC_WARN_UNINITIALIZED_AUTOS = YES_AGGRESSIVE;
				GCC_WARN_UNUSED_FUNCTION = YES;
				GCC_WARN_UNUSED_VARIABLE = YES;
				IPHONEOS_DEPLOYMENT_TARGET = 7.1;
				SDKROOT = iphoneos;
				TARGETED_DEVICE_FAMILY = "1,2";
				VALIDATE_PRODUCT = YES;
			};
			name = Release;
		};
		8189E4481901089200E4DF28 /* Debug */ = {
			isa = XCBuildConfiguration;
			buildSettings = {
				ASSETCATALOG_COMPILER_APPICON_NAME = AppIcon;
				ASSETCATALOG_COMPILER_LAUNCHIMAGE_NAME = LaunchImage;
				GCC_PRECOMPILE_PREFIX_HEADER = YES;
				GCC_PREFIX_HEADER = "SQLiteSample/SQLiteSample-Prefix.pch";
				INFOPLIST_FILE = "SQLiteSample/SQLiteSample-Info.plist";
				PRODUCT_NAME = "$(TARGET_NAME)";
				WRAPPER_EXTENSION = app;
			};
			name = Debug;
		};
		8189E4491901089200E4DF28 /* Release */ = {
			isa = XCBuildConfiguration;
			buildSettings = {
				ASSETCATALOG_COMPILER_APPICON_NAME = AppIcon;
				ASSETCATALOG_COMPILER_LAUNCHIMAGE_NAME = LaunchImage;
				GCC_PRECOMPILE_PREFIX_HEADER = YES;
				GCC_PREFIX_HEADER = "SQLiteSample/SQLiteSample-Prefix.pch";
				INFOPLIST_FILE = "SQLiteSample/SQLiteSample-Info.plist";
				PRODUCT_NAME = "$(TARGET_NAME)";
				WRAPPER_EXTENSION = app;
			};
			name = Release;
		};
		8189E44B1901089200E4DF28 /* Debug */ = {
			isa = XCBuildConfiguration;
			buildSettings = {
				BUNDLE_LOADER = "$(BUILT_PRODUCTS_DIR)/SQLiteSample.app/SQLiteSample";
				FRAMEWORK_SEARCH_PATHS = (
					"$(SDKROOT)/Developer/Library/Frameworks",
					"$(inherited)",
					"$(DEVELOPER_FRAMEWORKS_DIR)",
				);
				GCC_PRECOMPILE_PREFIX_HEADER = YES;
				GCC_PREFIX_HEADER = "SQLiteSample/SQLiteSample-Prefix.pch";
				GCC_PREPROCESSOR_DEFINITIONS = (
					"DEBUG=1",
					"$(inherited)",
				);
				INFOPLIST_FILE = "SQLiteSampleTests/SQLiteSampleTests-Info.plist";
				PRODUCT_NAME = "$(TARGET_NAME)";
				TEST_HOST = "$(BUNDLE_LOADER)";
				WRAPPER_EXTENSION = xctest;
			};
			name = Debug;
		};
		8189E44C1901089200E4DF28 /* Release */ = {
			isa = XCBuildConfiguration;
			buildSettings = {
				BUNDLE_LOADER = "$(BUILT_PRODUCTS_DIR)/SQLiteSample.app/SQLiteSample";
				FRAMEWORK_SEARCH_PATHS = (
					"$(SDKROOT)/Developer/Library/Frameworks",
					"$(inherited)",
					"$(DEVELOPER_FRAMEWORKS_DIR)",
				);
				GCC_PRECOMPILE_PREFIX_HEADER = YES;
				GCC_PREFIX_HEADER = "SQLiteSample/SQLiteSample-Prefix.pch";
				INFOPLIST_FILE = "SQLiteSampleTests/SQLiteSampleTests-Info.plist";
				PRODUCT_NAME = "$(TARGET_NAME)";
				TEST_HOST = "$(BUNDLE_LOADER)";
				WRAPPER_EXTENSION = xctest;
			};
			name = Release;
		};
/* End XCBuildConfiguration section */

/* Begin XCConfigurationList section */
		8189E40D1901089100E4DF28 /* Build configuration list for PBXProject "SQLiteSample" */ = {
			isa = XCConfigurationList;
			buildConfigurations = (
				8189E4451901089200E4DF28 /* Debug */,
				8189E4461901089200E4DF28 /* Release */,
			);
			defaultConfigurationIsVisible = 0;
			defaultConfigurationName = Release;
		};
		8189E4471901089200E4DF28 /* Build configuration list for PBXNativeTarget "SQLiteSample" */ = {
			isa = XCConfigurationList;
			buildConfigurations = (
				8189E4481901089200E4DF28 /* Debug */,
				8189E4491901089200E4DF28 /* Release */,
			);
			defaultConfigurationIsVisible = 0;
		};
		8189E44A1901089200E4DF28 /* Build configuration list for PBXNativeTarget "SQLiteSampleTests" */ = {
			isa = XCConfigurationList;
			buildConfigurations = (
				8189E44B1901089200E4DF28 /* Debug */,
				8189E44C1901089200E4DF28 /* Release */,
			);
			defaultConfigurationIsVisible = 0;
		};
/* End XCConfigurationList section */
	};
	rootObject = 8189E40A1901089100E4DF28 /* Project object */;
}
